
Microsoft Visual Studio Solution File, Format Version 12.00
# Visual Studio Version 17
VisualStudioVersion = 17.7.34221.43
MinimumVisualStudioVersion = 10.0.40219.1
Project("{FAE04EC0-301F-11D3-BF4B-00C04F79EFBC}") = "ReturnableRacksBackend", "ReturnableRacksBackend\ReturnableRacksBackend.csproj", "{68664D17-30A4-4CD0-8507-25012CB79F01}"
EndProject
Global
	GlobalSection(SolutionConfigurationPlatforms) = preSolution
		Debug|Any CPU = Debug|Any CPU
		Release|Any CPU = Release|Any CPU
	EndGlobalSection
	GlobalSection(ProjectConfigurationPlatforms) = postSolution
		{68664D17-30A4-4CD0-8507-25012CB79F01}.Debug|Any CPU.ActiveCfg = Debug|Any CPU
		{68664D17-30A4-4CD0-8507-25012CB79F01}.Debug|Any CPU.Build.0 = Debug|Any CPU
		{68664D17-30A4-4CD0-8507-25012CB79F01}.Release|Any CPU.ActiveCfg = Release|Any CPU
		{68664D17-30A4-4CD0-8507-25012CB79F01}.Release|Any CPU.Build.0 = Release|Any CPU
	EndGlobalSection
	GlobalSection(SolutionProperties) = preSolution
		HideSolutionNode = FALSE
	EndGlobalSection
	GlobalSection(ExtensibilityGlobals) = postSolution
		SolutionGuid = {50FFB00F-1CA9-47F7-8549-2BA4F9A8AA99}
	EndGlobalSection
EndGlobal
